
Microsoft Visual Studio Solution File, Format Version 12.00
# Visual Studio Version 16
VisualStudioVersion = 16.0.28803.452
MinimumVisualStudioVersion = 10.0.40219.1
Project("{FAE04EC0-301F-11D3-BF4B-00C04F79EFBC}") = "Notepad", "Notepad\Notepad.csproj", "{093F5435-4784-4E55-86D8-BFA5A04075EF}"
EndProject
Global
	GlobalSection(SolutionConfigurationPlatforms) = preSolution
		Debug|Any CPU = Debug|Any CPU
		Release|Any CPU = Release|Any CPU
	EndGlobalSection
	GlobalSection(ProjectConfigurationPlatforms) = postSolution
		{093F5435-4784-4E55-86D8-BFA5A04075EF}.Debug|Any CPU.ActiveCfg = Debug|Any CPU
		{093F5435-4784-4E55-86D8-BFA5A04075EF}.Debug|Any CPU.Build.0 = Debug|Any CPU
		{093F5435-4784-4E55-86D8-BFA5A04075EF}.Release|Any CPU.ActiveCfg = Release|Any CPU
		{093F5435-4784-4E55-86D8-BFA5A04075EF}.Release|Any CPU.Build.0 = Release|Any CPU
	EndGlobalSection
	GlobalSection(SolutionProperties) = preSolution
		HideSolutionNode = FALSE
	EndGlobalSection
	GlobalSection(ExtensibilityGlobals) = postSolution
		SolutionGuid = {C939D761-E5BE-4146-92C6-9CF4C1F9F61B}
	EndGlobalSection
EndGlobal
